// !$*UTF8*$!
{
	archiveVersion = 1;
	classes = {
	};
	objectVersion = 55;
	objects = {

/* Begin PBXBuildFile section */
		0502B59027F047BD00D0ED7F /* GitHubBioView.swift in Sources */ = {isa = PBXBuildFile; fileRef = 0502B58F27F047BD00D0ED7F /* GitHubBioView.swift */; };
		0502B59427F0E65F00D0ED7F /* GitHubPublicRepoView.swift in Sources */ = {isa = PBXBuildFile; fileRef = 0502B59327F0E65F00D0ED7F /* GitHubPublicRepoView.swift */; };
		0502B59627F0E82D00D0ED7F /* GitHubFollowerView.swift in Sources */ = {isa = PBXBuildFile; fileRef = 0502B59527F0E82D00D0ED7F /* GitHubFollowerView.swift */; };
		05BC635D27E1DBD100FB1544 /* AdressView.swift in Sources */ = {isa = PBXBuildFile; fileRef = 05BC635C27E1DBD100FB1544 /* AdressView.swift */; };
		05BC636027E3288B00FB1544 /* SideMenuVC.swift in Sources */ = {isa = PBXBuildFile; fileRef = 05BC635F27E3288B00FB1544 /* SideMenuVC.swift */; };
		05BC636327E4718400FB1544 /* ProfileIMG.swift in Sources */ = {isa = PBXBuildFile; fileRef = 05BC636227E4718400FB1544 /* ProfileIMG.swift */; };
		05BC636627E4C31E00FB1544 /* NSNotification+Ext.swift in Sources */ = {isa = PBXBuildFile; fileRef = 05BC636527E4C31E00FB1544 /* NSNotification+Ext.swift */; };
		05BC636A27E7D82B00FB1544 /* Localizable.strings in Resources */ = {isa = PBXBuildFile; fileRef = 05BC636C27E7D82B00FB1544 /* Localizable.strings */; };
		05BC637127E8760700FB1544 /* String+Ext.swift in Sources */ = {isa = PBXBuildFile; fileRef = 05BC637027E8760700FB1544 /* String+Ext.swift */; };
		05BC637727E8A64800FB1544 /* Experience.swift in Sources */ = {isa = PBXBuildFile; fileRef = 05BC637627E8A64800FB1544 /* Experience.swift */; };
		05BC637927E8A9B200FB1544 /* ExperienceData+Service.swift in Sources */ = {isa = PBXBuildFile; fileRef = 05BC637827E8A9B200FB1544 /* ExperienceData+Service.swift */; };
		05BC637C27E8AD5400FB1544 /* ExperienceCell.swift in Sources */ = {isa = PBXBuildFile; fileRef = 05BC637B27E8AD5400FB1544 /* ExperienceCell.swift */; };
		05BC637E27E8DFF600FB1544 /* ResponsibilitiesDetailsVC.swift in Sources */ = {isa = PBXBuildFile; fileRef = 05BC637D27E8DFF600FB1544 /* ResponsibilitiesDetailsVC.swift */; };
		05BC638127E9AF6100FB1544 /* SepearatingLine.swift in Sources */ = {isa = PBXBuildFile; fileRef = 05BC638027E9AF6100FB1544 /* SepearatingLine.swift */; };
		05BC638327E9BD9D00FB1544 /* ResDetailsLabel.swift in Sources */ = {isa = PBXBuildFile; fileRef = 05BC638227E9BD9D00FB1544 /* ResDetailsLabel.swift */; };
		05BC638A27EB118B00FB1544 /* GitHubVC.swift in Sources */ = {isa = PBXBuildFile; fileRef = 05BC638927EB118B00FB1544 /* GitHubVC.swift */; };
		05BC644227EB2BCD00FB1544 /* UIViewController+Ext.swift in Sources */ = {isa = PBXBuildFile; fileRef = 05BC644127EB2BCD00FB1544 /* UIViewController+Ext.swift */; };
		05BC644527EB3E0500FB1544 /* ExperianceViewModel.swift in Sources */ = {isa = PBXBuildFile; fileRef = 05BC644427EB3E0500FB1544 /* ExperianceViewModel.swift */; };
		05BC644727EC83FE00FB1544 /* GitHubUser.swift in Sources */ = {isa = PBXBuildFile; fileRef = 05BC644627EC83FE00FB1544 /* GitHubUser.swift */; };
		05BC644927EC8A9100FB1544 /* GitHubRepos.swift in Sources */ = {isa = PBXBuildFile; fileRef = 05BC644827EC8A9100FB1544 /* GitHubRepos.swift */; };
		05BC644D27ECD81C00FB1544 /* GitHubTopProfileView.swift in Sources */ = {isa = PBXBuildFile; fileRef = 05BC644C27ECD81C00FB1544 /* GitHubTopProfileView.swift */; };
		05BC649527EDB25B00FB1544 /* Networking.swift in Sources */ = {isa = PBXBuildFile; fileRef = 05BC649427EDB25B00FB1544 /* Networking.swift */; };
		05BC649727EDB81200FB1544 /* GitHubUserViewModel.swift in Sources */ = {isa = PBXBuildFile; fileRef = 05BC649627EDB81200FB1544 /* GitHubUserViewModel.swift */; };
		05F9105827E07F050069233D /* AboutMeView.swift in Sources */ = {isa = PBXBuildFile; fileRef = 05F9105727E07F050069233D /* AboutMeView.swift */; };
		05F9105B27E0BDC10069233D /* TabBarController.swift in Sources */ = {isa = PBXBuildFile; fileRef = 05F9105A27E0BDC10069233D /* TabBarController.swift */; };
		05F9105D27E0C0700069233D /* WorkExperienceVC.swift in Sources */ = {isa = PBXBuildFile; fileRef = 05F9105C27E0C0700069233D /* WorkExperienceVC.swift */; };
		05F9105F27E0C0DB0069233D /* EducationVC.swift in Sources */ = {isa = PBXBuildFile; fileRef = 05F9105E27E0C0DB0069233D /* EducationVC.swift */; };
		05F9106127E0C15C0069233D /* SkillsAndCoursesVC.swift in Sources */ = {isa = PBXBuildFile; fileRef = 05F9106027E0C15C0069233D /* SkillsAndCoursesVC.swift */; };
		9304606D27DF70330056CB5F /* CostumeButtonView.swift in Sources */ = {isa = PBXBuildFile; fileRef = 9304606C27DF70330056CB5F /* CostumeButtonView.swift */; };
		9304606F27DF72460056CB5F /* ButtonsView.swift in Sources */ = {isa = PBXBuildFile; fileRef = 9304606E27DF72460056CB5F /* ButtonsView.swift */; };
		9304607327DF7C330056CB5F /* ContactTitleLabel.swift in Sources */ = {isa = PBXBuildFile; fileRef = 9304607227DF7C330056CB5F /* ContactTitleLabel.swift */; };
		9304607527DF7C8E0056CB5F /* ConcactDataLabel.swift in Sources */ = {isa = PBXBuildFile; fileRef = 9304607427DF7C8E0056CB5F /* ConcactDataLabel.swift */; };
		9304607727DF7CB90056CB5F /* ContactDataView.swift in Sources */ = {isa = PBXBuildFile; fileRef = 9304607627DF7CB80056CB5F /* ContactDataView.swift */; };
		93B0E19A27DF567200A4433B /* AppDelegate.swift in Sources */ = {isa = PBXBuildFile; fileRef = 93B0E19927DF567200A4433B /* AppDelegate.swift */; };
		93B0E19C27DF567200A4433B /* SceneDelegate.swift in Sources */ = {isa = PBXBuildFile; fileRef = 93B0E19B27DF567200A4433B /* SceneDelegate.swift */; };
		93B0E1A327DF567400A4433B /* Assets.xcassets in Resources */ = {isa = PBXBuildFile; fileRef = 93B0E1A227DF567400A4433B /* Assets.xcassets */; };
		93B0E1A627DF567400A4433B /* LaunchScreen.storyboard in Resources */ = {isa = PBXBuildFile; fileRef = 93B0E1A427DF567400A4433B /* LaunchScreen.storyboard */; };
		93B0E1AE27DF5A7D00A4433B /* PersonalDataVC.swift in Sources */ = {isa = PBXBuildFile; fileRef = 93B0E1AD27DF5A7D00A4433B /* PersonalDataVC.swift */; };
		93B0E1B027DF5C3100A4433B /* Constants.swift in Sources */ = {isa = PBXBuildFile; fileRef = 93B0E1AF27DF5C3000A4433B /* Constants.swift */; };
		93B0E1B427DF6AE900A4433B /* TopProfileView.swift in Sources */ = {isa = PBXBuildFile; fileRef = 93B0E1B327DF6AE900A4433B /* TopProfileView.swift */; };
/* End PBXBuildFile section */

/* Begin PBXFileReference section */
		0502B58F27F047BD00D0ED7F /* GitHubBioView.swift */ = {isa = PBXFileReference; lastKnownFileType = sourcecode.swift; path = GitHubBioView.swift; sourceTree = "<group>"; };
		0502B59327F0E65F00D0ED7F /* GitHubPublicRepoView.swift */ = {isa = PBXFileReference; lastKnownFileType = sourcecode.swift; path = GitHubPublicRepoView.swift; sourceTree = "<group>"; };
		0502B59527F0E82D00D0ED7F /* GitHubFollowerView.swift */ = {isa = PBXFileReference; lastKnownFileType = sourcecode.swift; path = GitHubFollowerView.swift; sourceTree = "<group>"; };
		05BC635C27E1DBD100FB1544 /* AdressView.swift */ = {isa = PBXFileReference; lastKnownFileType = sourcecode.swift; path = AdressView.swift; sourceTree = "<group>"; };
		05BC635F27E3288B00FB1544 /* SideMenuVC.swift */ = {isa = PBXFileReference; lastKnownFileType = sourcecode.swift; path = SideMenuVC.swift; sourceTree = "<group>"; };
		05BC636227E4718400FB1544 /* ProfileIMG.swift */ = {isa = PBXFileReference; lastKnownFileType = sourcecode.swift; path = ProfileIMG.swift; sourceTree = "<group>"; };
		05BC636527E4C31E00FB1544 /* NSNotification+Ext.swift */ = {isa = PBXFileReference; lastKnownFileType = sourcecode.swift; path = "NSNotification+Ext.swift"; sourceTree = "<group>"; };
		05BC636927E7D81C00FB1544 /* pl */ = {isa = PBXFileReference; lastKnownFileType = text.plist.strings; name = pl; path = pl.lproj/LaunchScreen.strings; sourceTree = "<group>"; };
		05BC636B27E7D82B00FB1544 /* en */ = {isa = PBXFileReference; lastKnownFileType = text.plist.strings; name = en; path = en.lproj/Localizable.strings; sourceTree = "<group>"; };
		05BC636D27E7D83400FB1544 /* pl */ = {isa = PBXFileReference; lastKnownFileType = text.plist.strings; name = pl; path = pl.lproj/Localizable.strings; sourceTree = "<group>"; };
		05BC637027E8760700FB1544 /* String+Ext.swift */ = {isa = PBXFileReference; lastKnownFileType = sourcecode.swift; path = "String+Ext.swift"; sourceTree = "<group>"; };
		05BC637627E8A64800FB1544 /* Experience.swift */ = {isa = PBXFileReference; lastKnownFileType = sourcecode.swift; path = Experience.swift; sourceTree = "<group>"; };
		05BC637827E8A9B200FB1544 /* ExperienceData+Service.swift */ = {isa = PBXFileReference; lastKnownFileType = sourcecode.swift; path = "ExperienceData+Service.swift"; sourceTree = "<group>"; };
		05BC637B27E8AD5400FB1544 /* ExperienceCell.swift */ = {isa = PBXFileReference; lastKnownFileType = sourcecode.swift; path = ExperienceCell.swift; sourceTree = "<group>"; };
		05BC637D27E8DFF600FB1544 /* ResponsibilitiesDetailsVC.swift */ = {isa = PBXFileReference; lastKnownFileType = sourcecode.swift; path = ResponsibilitiesDetailsVC.swift; sourceTree = "<group>"; };
		05BC638027E9AF6100FB1544 /* SepearatingLine.swift */ = {isa = PBXFileReference; lastKnownFileType = sourcecode.swift; path = SepearatingLine.swift; sourceTree = "<group>"; };
		05BC638227E9BD9D00FB1544 /* ResDetailsLabel.swift */ = {isa = PBXFileReference; lastKnownFileType = sourcecode.swift; path = ResDetailsLabel.swift; sourceTree = "<group>"; };
		05BC638927EB118B00FB1544 /* GitHubVC.swift */ = {isa = PBXFileReference; lastKnownFileType = sourcecode.swift; path = GitHubVC.swift; sourceTree = "<group>"; };
		05BC644127EB2BCD00FB1544 /* UIViewController+Ext.swift */ = {isa = PBXFileReference; lastKnownFileType = sourcecode.swift; path = "UIViewController+Ext.swift"; sourceTree = "<group>"; };
		05BC644427EB3E0500FB1544 /* ExperianceViewModel.swift */ = {isa = PBXFileReference; lastKnownFileType = sourcecode.swift; path = ExperianceViewModel.swift; sourceTree = "<group>"; };
		05BC644627EC83FE00FB1544 /* GitHubUser.swift */ = {isa = PBXFileReference; lastKnownFileType = sourcecode.swift; path = GitHubUser.swift; sourceTree = "<group>"; };
		05BC644827EC8A9100FB1544 /* GitHubRepos.swift */ = {isa = PBXFileReference; lastKnownFileType = sourcecode.swift; path = GitHubRepos.swift; sourceTree = "<group>"; };
		05BC644C27ECD81C00FB1544 /* GitHubTopProfileView.swift */ = {isa = PBXFileReference; lastKnownFileType = sourcecode.swift; path = GitHubTopProfileView.swift; sourceTree = "<group>"; };
		05BC649427EDB25B00FB1544 /* Networking.swift */ = {isa = PBXFileReference; lastKnownFileType = sourcecode.swift; path = Networking.swift; sourceTree = "<group>"; };
		05BC649627EDB81200FB1544 /* GitHubUserViewModel.swift */ = {isa = PBXFileReference; lastKnownFileType = sourcecode.swift; path = GitHubUserViewModel.swift; sourceTree = "<group>"; };
		05F9105727E07F050069233D /* AboutMeView.swift */ = {isa = PBXFileReference; lastKnownFileType = sourcecode.swift; path = AboutMeView.swift; sourceTree = "<group>"; };
		05F9105A27E0BDC10069233D /* TabBarController.swift */ = {isa = PBXFileReference; lastKnownFileType = sourcecode.swift; path = TabBarController.swift; sourceTree = "<group>"; };
		05F9105C27E0C0700069233D /* WorkExperienceVC.swift */ = {isa = PBXFileReference; lastKnownFileType = sourcecode.swift; path = WorkExperienceVC.swift; sourceTree = "<group>"; };
		05F9105E27E0C0DB0069233D /* EducationVC.swift */ = {isa = PBXFileReference; lastKnownFileType = sourcecode.swift; path = EducationVC.swift; sourceTree = "<group>"; };
		05F9106027E0C15C0069233D /* SkillsAndCoursesVC.swift */ = {isa = PBXFileReference; lastKnownFileType = sourcecode.swift; path = SkillsAndCoursesVC.swift; sourceTree = "<group>"; };
		9304606C27DF70330056CB5F /* CostumeButtonView.swift */ = {isa = PBXFileReference; lastKnownFileType = sourcecode.swift; path = CostumeButtonView.swift; sourceTree = "<group>"; };
		9304606E27DF72460056CB5F /* ButtonsView.swift */ = {isa = PBXFileReference; lastKnownFileType = sourcecode.swift; path = ButtonsView.swift; sourceTree = "<group>"; };
		9304607227DF7C330056CB5F /* ContactTitleLabel.swift */ = {isa = PBXFileReference; lastKnownFileType = sourcecode.swift; path = ContactTitleLabel.swift; sourceTree = "<group>"; };
		9304607427DF7C8E0056CB5F /* ConcactDataLabel.swift */ = {isa = PBXFileReference; lastKnownFileType = sourcecode.swift; path = ConcactDataLabel.swift; sourceTree = "<group>"; };
		9304607627DF7CB80056CB5F /* ContactDataView.swift */ = {isa = PBXFileReference; lastKnownFileType = sourcecode.swift; path = ContactDataView.swift; sourceTree = "<group>"; };
		93B0E19627DF567200A4433B /* SciubaSebastianCV.app */ = {isa = PBXFileReference; explicitFileType = wrapper.application; includeInIndex = 0; path = SciubaSebastianCV.app; sourceTree = BUILT_PRODUCTS_DIR; };
		93B0E19927DF567200A4433B /* AppDelegate.swift */ = {isa = PBXFileReference; lastKnownFileType = sourcecode.swift; path = AppDelegate.swift; sourceTree = "<group>"; };
		93B0E19B27DF567200A4433B /* SceneDelegate.swift */ = {isa = PBXFileReference; lastKnownFileType = sourcecode.swift; path = SceneDelegate.swift; sourceTree = "<group>"; };
		93B0E1A227DF567400A4433B /* Assets.xcassets */ = {isa = PBXFileReference; lastKnownFileType = folder.assetcatalog; path = Assets.xcassets; sourceTree = "<group>"; };
		93B0E1A527DF567400A4433B /* Base */ = {isa = PBXFileReference; lastKnownFileType = file.storyboard; name = Base; path = Base.lproj/LaunchScreen.storyboard; sourceTree = "<group>"; };
		93B0E1A727DF567400A4433B /* Info.plist */ = {isa = PBXFileReference; lastKnownFileType = text.plist.xml; path = Info.plist; sourceTree = "<group>"; };
		93B0E1AD27DF5A7D00A4433B /* PersonalDataVC.swift */ = {isa = PBXFileReference; lastKnownFileType = sourcecode.swift; path = PersonalDataVC.swift; sourceTree = "<group>"; };
		93B0E1AF27DF5C3000A4433B /* Constants.swift */ = {isa = PBXFileReference; lastKnownFileType = sourcecode.swift; path = Constants.swift; sourceTree = "<group>"; };
		93B0E1B327DF6AE900A4433B /* TopProfileView.swift */ = {isa = PBXFileReference; lastKnownFileType = sourcecode.swift; path = TopProfileView.swift; sourceTree = "<group>"; };
/* End PBXFileReference section */

/* Begin PBXFrameworksBuildPhase section */
		93B0E19327DF567200A4433B /* Frameworks */ = {
			isa = PBXFrameworksBuildPhase;
			buildActionMask = 2147483647;
			files = (
			);
			runOnlyForDeploymentPostprocessing = 0;
		};
/* End PBXFrameworksBuildPhase section */

/* Begin PBXGroup section */
		0502B58E27F0423100D0ED7F /* Costume */ = {
			isa = PBXGroup;
			children = (
				05BC637F27E9AF1700FB1544 /* View */,
				05BC636127E4715D00FB1544 /* UIImge */,
				05BC637A27E8AD4100FB1544 /* Cell */,
				05F9105927E0BD520069233D /* TabBar */,
				9304606B27DF6FB70056CB5F /* ButtonsView */,
				9304607127DF7C1E0056CB5F /* Labels */,
			);
			path = Costume;
			sourceTree = "<group>";
		};
		05BC635E27E3287800FB1544 /* SideMenu */ = {
			isa = PBXGroup;
			children = (
				05BC635F27E3288B00FB1544 /* SideMenuVC.swift */,
			);
			path = SideMenu;
			sourceTree = "<group>";
		};
		05BC636127E4715D00FB1544 /* UIImge */ = {
			isa = PBXGroup;
			children = (
				05BC636227E4718400FB1544 /* ProfileIMG.swift */,
			);
			path = UIImge;
			sourceTree = "<group>";
		};
		05BC636427E4C2FA00FB1544 /* Extension */ = {
			isa = PBXGroup;
			children = (
				05BC636527E4C31E00FB1544 /* NSNotification+Ext.swift */,
				05BC637027E8760700FB1544 /* String+Ext.swift */,
				05BC644127EB2BCD00FB1544 /* UIViewController+Ext.swift */,
			);
			path = Extension;
			sourceTree = "<group>";
		};
		05BC637227E8A11500FB1544 /* ViewModel */ = {
			isa = PBXGroup;
			children = (
				05BC644427EB3E0500FB1544 /* ExperianceViewModel.swift */,
				05BC649627EDB81200FB1544 /* GitHubUserViewModel.swift */,
			);
			path = ViewModel;
			sourceTree = "<group>";
		};
		05BC637527E8A63A00FB1544 /* Model */ = {
			isa = PBXGroup;
			children = (
				05BC637627E8A64800FB1544 /* Experience.swift */,
				05BC644627EC83FE00FB1544 /* GitHubUser.swift */,
				05BC644827EC8A9100FB1544 /* GitHubRepos.swift */,
			);
			path = Model;
			sourceTree = "<group>";
		};
		05BC637A27E8AD4100FB1544 /* Cell */ = {
			isa = PBXGroup;
			children = (
				05BC637B27E8AD5400FB1544 /* ExperienceCell.swift */,
			);
			path = Cell;
			sourceTree = "<group>";
		};
		05BC637F27E9AF1700FB1544 /* View */ = {
			isa = PBXGroup;
			children = (
				05BC638027E9AF6100FB1544 /* SepearatingLine.swift */,
			);
			path = View;
			sourceTree = "<group>";
		};
		05BC638427E9D34C00FB1544 /* PersonalData */ = {
			isa = PBXGroup;
			children = (
				93B0E1AD27DF5A7D00A4433B /* PersonalDataVC.swift */,
				05BC638827EB117300FB1544 /* GitHubVC */,
			);
			path = PersonalData;
			sourceTree = "<group>";
		};
		05BC638527E9D35D00FB1544 /* WorkExperience */ = {
			isa = PBXGroup;
			children = (
				05F9105C27E0C0700069233D /* WorkExperienceVC.swift */,
				05BC637D27E8DFF600FB1544 /* ResponsibilitiesDetailsVC.swift */,
			);
			path = WorkExperience;
			sourceTree = "<group>";
		};
		05BC638627E9D36500FB1544 /* Education */ = {
			isa = PBXGroup;
			children = (
				05F9105E27E0C0DB0069233D /* EducationVC.swift */,
			);
			path = Education;
			sourceTree = "<group>";
		};
		05BC638727E9D37600FB1544 /* SkillsAndCourses */ = {
			isa = PBXGroup;
			children = (
				05F9106027E0C15C0069233D /* SkillsAndCoursesVC.swift */,
			);
			path = SkillsAndCourses;
			sourceTree = "<group>";
		};
		05BC638827EB117300FB1544 /* GitHubVC */ = {
			isa = PBXGroup;
			children = (
				05BC638927EB118B00FB1544 /* GitHubVC.swift */,
			);
			path = GitHubVC;
			sourceTree = "<group>";
		};
		05BC644327EB3DD100FB1544 /* Service */ = {
			isa = PBXGroup;
			children = (
				93B0E1AF27DF5C3000A4433B /* Constants.swift */,
				05BC649427EDB25B00FB1544 /* Networking.swift */,
				05BC637827E8A9B200FB1544 /* ExperienceData+Service.swift */,
			);
			path = Service;
			sourceTree = "<group>";
		};
		05BC644A27ECD7CA00FB1544 /* PersonalDataView */ = {
			isa = PBXGroup;
			children = (
				93B0E1B327DF6AE900A4433B /* TopProfileView.swift */,
				9304606E27DF72460056CB5F /* ButtonsView.swift */,
				9304607627DF7CB80056CB5F /* ContactDataView.swift */,
				05BC635C27E1DBD100FB1544 /* AdressView.swift */,
				05F9105727E07F050069233D /* AboutMeView.swift */,
			);
			path = PersonalDataView;
			sourceTree = "<group>";
		};
		05BC644B27ECD7E500FB1544 /* GitHubView */ = {
			isa = PBXGroup;
			children = (
				05BC644C27ECD81C00FB1544 /* GitHubTopProfileView.swift */,
				0502B58F27F047BD00D0ED7F /* GitHubBioView.swift */,
				0502B59527F0E82D00D0ED7F /* GitHubFollowerView.swift */,
				0502B59327F0E65F00D0ED7F /* GitHubPublicRepoView.swift */,
			);
			path = GitHubView;
			sourceTree = "<group>";
		};
		05F9105927E0BD520069233D /* TabBar */ = {
			isa = PBXGroup;
			children = (
				05F9105A27E0BDC10069233D /* TabBarController.swift */,
			);
			path = TabBar;
			sourceTree = "<group>";
		};
		9304606927DF6E0D0056CB5F /* View */ = {
			isa = PBXGroup;
			children = (
				05BC644A27ECD7CA00FB1544 /* PersonalDataView */,
				05BC644B27ECD7E500FB1544 /* GitHubView */,
				0502B58E27F0423100D0ED7F /* Costume */,
			);
			path = View;
			sourceTree = "<group>";
		};
		9304606A27DF6E130056CB5F /* Controller */ = {
			isa = PBXGroup;
			children = (
				05BC635E27E3287800FB1544 /* SideMenu */,
				05BC638427E9D34C00FB1544 /* PersonalData */,
				05BC638527E9D35D00FB1544 /* WorkExperience */,
				05BC638627E9D36500FB1544 /* Education */,
				05BC638727E9D37600FB1544 /* SkillsAndCourses */,
			);
			path = Controller;
			sourceTree = "<group>";
		};
		9304606B27DF6FB70056CB5F /* ButtonsView */ = {
			isa = PBXGroup;
			children = (
				9304606C27DF70330056CB5F /* CostumeButtonView.swift */,
			);
			path = ButtonsView;
			sourceTree = "<group>";
		};
		9304607127DF7C1E0056CB5F /* Labels */ = {
			isa = PBXGroup;
			children = (
				9304607227DF7C330056CB5F /* ContactTitleLabel.swift */,
				9304607427DF7C8E0056CB5F /* ConcactDataLabel.swift */,
				05BC638227E9BD9D00FB1544 /* ResDetailsLabel.swift */,
			);
			path = Labels;
			sourceTree = "<group>";
		};
		93B0E18D27DF567200A4433B = {
			isa = PBXGroup;
			children = (
				93B0E19827DF567200A4433B /* SciubaSebastianCV */,
				93B0E19727DF567200A4433B /* Products */,
			);
			sourceTree = "<group>";
		};
		93B0E19727DF567200A4433B /* Products */ = {
			isa = PBXGroup;
			children = (
				93B0E19627DF567200A4433B /* SciubaSebastianCV.app */,
			);
			name = Products;
			sourceTree = "<group>";
		};
		93B0E19827DF567200A4433B /* SciubaSebastianCV */ = {
			isa = PBXGroup;
			children = (
				93B0E19927DF567200A4433B /* AppDelegate.swift */,
				93B0E19B27DF567200A4433B /* SceneDelegate.swift */,
				05BC636427E4C2FA00FB1544 /* Extension */,
				05BC644327EB3DD100FB1544 /* Service */,
				05BC637527E8A63A00FB1544 /* Model */,
				05BC637227E8A11500FB1544 /* ViewModel */,
				9304606927DF6E0D0056CB5F /* View */,
				9304606A27DF6E130056CB5F /* Controller */,
				05BC636C27E7D82B00FB1544 /* Localizable.strings */,
				93B0E1A227DF567400A4433B /* Assets.xcassets */,
				93B0E1A427DF567400A4433B /* LaunchScreen.storyboard */,
				93B0E1A727DF567400A4433B /* Info.plist */,
			);
			path = SciubaSebastianCV;
			sourceTree = "<group>";
		};
/* End PBXGroup section */

/* Begin PBXNativeTarget section */
		93B0E19527DF567200A4433B /* SciubaSebastianCV */ = {
			isa = PBXNativeTarget;
			buildConfigurationList = 93B0E1AA27DF567400A4433B /* Build configuration list for PBXNativeTarget "SciubaSebastianCV" */;
			buildPhases = (
				93B0E19227DF567200A4433B /* Sources */,
				93B0E19327DF567200A4433B /* Frameworks */,
				93B0E19427DF567200A4433B /* Resources */,
			);
			buildRules = (
			);
			dependencies = (
			);
			name = SciubaSebastianCV;
			productName = SciubaSebastianCV;
			productReference = 93B0E19627DF567200A4433B /* SciubaSebastianCV.app */;
			productType = "com.apple.product-type.application";
		};
/* End PBXNativeTarget section */

/* Begin PBXProject section */
		93B0E18E27DF567200A4433B /* Project object */ = {
			isa = PBXProject;
			attributes = {
				BuildIndependentTargetsInParallel = 1;
				LastSwiftUpdateCheck = 1310;
				LastUpgradeCheck = 1310;
				TargetAttributes = {
					93B0E19527DF567200A4433B = {
						CreatedOnToolsVersion = 13.1;
					};
				};
			};
			buildConfigurationList = 93B0E19127DF567200A4433B /* Build configuration list for PBXProject "SciubaSebastianCV" */;
			compatibilityVersion = "Xcode 13.0";
			developmentRegion = en;
			hasScannedForEncodings = 0;
			knownRegions = (
				en,
				Base,
				pl,
			);
			mainGroup = 93B0E18D27DF567200A4433B;
			productRefGroup = 93B0E19727DF567200A4433B /* Products */;
			projectDirPath = "";
			projectRoot = "";
			targets = (
				93B0E19527DF567200A4433B /* SciubaSebastianCV */,
			);
		};
/* End PBXProject section */

/* Begin PBXResourcesBuildPhase section */
		93B0E19427DF567200A4433B /* Resources */ = {
			isa = PBXResourcesBuildPhase;
			buildActionMask = 2147483647;
			files = (
				93B0E1A627DF567400A4433B /* LaunchScreen.storyboard in Resources */,
				05BC636A27E7D82B00FB1544 /* Localizable.strings in Resources */,
				93B0E1A327DF567400A4433B /* Assets.xcassets in Resources */,
			);
			runOnlyForDeploymentPostprocessing = 0;
		};
/* End PBXResourcesBuildPhase section */

/* Begin PBXSourcesBuildPhase section */
		93B0E19227DF567200A4433B /* Sources */ = {
			isa = PBXSourcesBuildPhase;
			buildActionMask = 2147483647;
			files = (
				05BC637C27E8AD5400FB1544 /* ExperienceCell.swift in Sources */,
				0502B59027F047BD00D0ED7F /* GitHubBioView.swift in Sources */,
				9304607327DF7C330056CB5F /* ContactTitleLabel.swift in Sources */,
				05BC644227EB2BCD00FB1544 /* UIViewController+Ext.swift in Sources */,
				05BC638327E9BD9D00FB1544 /* ResDetailsLabel.swift in Sources */,
				05F9105F27E0C0DB0069233D /* EducationVC.swift in Sources */,
				05BC638127E9AF6100FB1544 /* SepearatingLine.swift in Sources */,
				05BC637E27E8DFF600FB1544 /* ResponsibilitiesDetailsVC.swift in Sources */,
				05F9105D27E0C0700069233D /* WorkExperienceVC.swift in Sources */,
				05BC637727E8A64800FB1544 /* Experience.swift in Sources */,
				05BC644727EC83FE00FB1544 /* GitHubUser.swift in Sources */,
				93B0E19A27DF567200A4433B /* AppDelegate.swift in Sources */,
				0502B59427F0E65F00D0ED7F /* GitHubPublicRepoView.swift in Sources */,
				0502B59627F0E82D00D0ED7F /* GitHubFollowerView.swift in Sources */,
				05BC636627E4C31E00FB1544 /* NSNotification+Ext.swift in Sources */,
				05BC649527EDB25B00FB1544 /* Networking.swift in Sources */,
				05F9105827E07F050069233D /* AboutMeView.swift in Sources */,
				05BC649727EDB81200FB1544 /* GitHubUserViewModel.swift in Sources */,
				93B0E19C27DF567200A4433B /* SceneDelegate.swift in Sources */,
				9304607727DF7CB90056CB5F /* ContactDataView.swift in Sources */,
				93B0E1AE27DF5A7D00A4433B /* PersonalDataVC.swift in Sources */,
				05BC635D27E1DBD100FB1544 /* AdressView.swift in Sources */,
				05BC638A27EB118B00FB1544 /* GitHubVC.swift in Sources */,
				9304606D27DF70330056CB5F /* CostumeButtonView.swift in Sources */,
				05BC644927EC8A9100FB1544 /* GitHubRepos.swift in Sources */,
				9304607527DF7C8E0056CB5F /* ConcactDataLabel.swift in Sources */,
				05F9106127E0C15C0069233D /* SkillsAndCoursesVC.swift in Sources */,
				05BC636327E4718400FB1544 /* ProfileIMG.swift in Sources */,
				05BC644D27ECD81C00FB1544 /* GitHubTopProfileView.swift in Sources */,
				9304606F27DF72460056CB5F /* ButtonsView.swift in Sources */,
				05BC644527EB3E0500FB1544 /* ExperianceViewModel.swift in Sources */,
				05F9105B27E0BDC10069233D /* TabBarController.swift in Sources */,
				05BC636027E3288B00FB1544 /* SideMenuVC.swift in Sources */,
				93B0E1B027DF5C3100A4433B /* Constants.swift in Sources */,
				05BC637127E8760700FB1544 /* String+Ext.swift in Sources */,
				93B0E1B427DF6AE900A4433B /* TopProfileView.swift in Sources */,
				05BC637927E8A9B200FB1544 /* ExperienceData+Service.swift in Sources */,
			);
			runOnlyForDeploymentPostprocessing = 0;
		};
/* End PBXSourcesBuildPhase section */

/* Begin PBXVariantGroup section */
		05BC636C27E7D82B00FB1544 /* Localizable.strings */ = {
			isa = PBXVariantGroup;
			children = (
				05BC636B27E7D82B00FB1544 /* en */,
				05BC636D27E7D83400FB1544 /* pl */,
			);
			name = Localizable.strings;
			sourceTree = "<group>";
		};
		93B0E1A427DF567400A4433B /* LaunchScreen.storyboard */ = {
			isa = PBXVariantGroup;
			children = (
				93B0E1A527DF567400A4433B /* Base */,
				05BC636927E7D81C00FB1544 /* pl */,
			);
			name = LaunchScreen.storyboard;
			sourceTree = "<group>";
		};
/* End PBXVariantGroup section */

/* Begin XCBuildConfiguration section */
		93B0E1A827DF567400A4433B /* Debug */ = {
			isa = XCBuildConfiguration;
			buildSettings = {
				ALWAYS_SEARCH_USER_PATHS = NO;
				CLANG_ANALYZER_LOCALIZABILITY_NONLOCALIZED = YES;
				CLANG_ANALYZER_NONNULL = YES;
				CLANG_ANALYZER_NUMBER_OBJECT_CONVERSION = YES_AGGRESSIVE;
				CLANG_CXX_LANGUAGE_STANDARD = "gnu++17";
				CLANG_CXX_LIBRARY = "libc++";
				CLANG_ENABLE_MODULES = YES;
				CLANG_ENABLE_OBJC_ARC = YES;
				CLANG_ENABLE_OBJC_WEAK = YES;
				CLANG_WARN_BLOCK_CAPTURE_AUTORELEASING = YES;
				CLANG_WARN_BOOL_CONVERSION = YES;
				CLANG_WARN_COMMA = YES;
				CLANG_WARN_CONSTANT_CONVERSION = YES;
				CLANG_WARN_DEPRECATED_OBJC_IMPLEMENTATIONS = YES;
				CLANG_WARN_DIRECT_OBJC_ISA_USAGE = YES_ERROR;
				CLANG_WARN_DOCUMENTATION_COMMENTS = YES;
				CLANG_WARN_EMPTY_BODY = YES;
				CLANG_WARN_ENUM_CONVERSION = YES;
				CLANG_WARN_INFINITE_RECURSION = YES;
				CLANG_WARN_INT_CONVERSION = YES;
				CLANG_WARN_NON_LITERAL_NULL_CONVERSION = YES;
				CLANG_WARN_OBJC_IMPLICIT_RETAIN_SELF = YES;
				CLANG_WARN_OBJC_LITERAL_CONVERSION = YES;
				CLANG_WARN_OBJC_ROOT_CLASS = YES_ERROR;
				CLANG_WARN_QUOTED_INCLUDE_IN_FRAMEWORK_HEADER = YES;
				CLANG_WARN_RANGE_LOOP_ANALYSIS = YES;
				CLANG_WARN_STRICT_PROTOTYPES = YES;
				CLANG_WARN_SUSPICIOUS_MOVE = YES;
				CLANG_WARN_UNGUARDED_AVAILABILITY = YES_AGGRESSIVE;
				CLANG_WARN_UNREACHABLE_CODE = YES;
				CLANG_WARN__DUPLICATE_METHOD_MATCH = YES;
				COPY_PHASE_STRIP = NO;
				DEBUG_INFORMATION_FORMAT = dwarf;
				ENABLE_STRICT_OBJC_MSGSEND = YES;
				ENABLE_TESTABILITY = YES;
				GCC_C_LANGUAGE_STANDARD = gnu11;
				GCC_DYNAMIC_NO_PIC = NO;
				GCC_NO_COMMON_BLOCKS = YES;
				GCC_OPTIMIZATION_LEVEL = 0;
				GCC_PREPROCESSOR_DEFINITIONS = (
					"DEBUG=1",
					"$(inherited)",
				);
				GCC_WARN_64_TO_32_BIT_CONVERSION = YES;
				GCC_WARN_ABOUT_RETURN_TYPE = YES_ERROR;
				GCC_WARN_UNDECLARED_SELECTOR = YES;
				GCC_WARN_UNINITIALIZED_AUTOS = YES_AGGRESSIVE;
				GCC_WARN_UNUSED_FUNCTION = YES;
				GCC_WARN_UNUSED_VARIABLE = YES;
				IPHONEOS_DEPLOYMENT_TARGET = 15.0;
				MTL_ENABLE_DEBUG_INFO = INCLUDE_SOURCE;
				MTL_FAST_MATH = YES;
				ONLY_ACTIVE_ARCH = YES;
				SDKROOT = iphoneos;
				SWIFT_ACTIVE_COMPILATION_CONDITIONS = DEBUG;
				SWIFT_OPTIMIZATION_LEVEL = "-Onone";
			};
			name = Debug;
		};
		93B0E1A927DF567400A4433B /* Release */ = {
			isa = XCBuildConfiguration;
			buildSettings = {
				ALWAYS_SEARCH_USER_PATHS = NO;
				CLANG_ANALYZER_LOCALIZABILITY_NONLOCALIZED = YES;
				CLANG_ANALYZER_NONNULL = YES;
				CLANG_ANALYZER_NUMBER_OBJECT_CONVERSION = YES_AGGRESSIVE;
				CLANG_CXX_LANGUAGE_STANDARD = "gnu++17";
				CLANG_CXX_LIBRARY = "libc++";
				CLANG_ENABLE_MODULES = YES;
				CLANG_ENABLE_OBJC_ARC = YES;
				CLANG_ENABLE_OBJC_WEAK = YES;
				CLANG_WARN_BLOCK_CAPTURE_AUTORELEASING = YES;
				CLANG_WARN_BOOL_CONVERSION = YES;
				CLANG_WARN_COMMA = YES;
				CLANG_WARN_CONSTANT_CONVERSION = YES;
				CLANG_WARN_DEPRECATED_OBJC_IMPLEMENTATIONS = YES;
				CLANG_WARN_DIRECT_OBJC_ISA_USAGE = YES_ERROR;
				CLANG_WARN_DOCUMENTATION_COMMENTS = YES;
				CLANG_WARN_EMPTY_BODY = YES;
				CLANG_WARN_ENUM_CONVERSION = YES;
				CLANG_WARN_INFINITE_RECURSION = YES;
				CLANG_WARN_INT_CONVERSION = YES;
				CLANG_WARN_NON_LITERAL_NULL_CONVERSION = YES;
				CLANG_WARN_OBJC_IMPLICIT_RETAIN_SELF = YES;
				CLANG_WARN_OBJC_LITERAL_CONVERSION = YES;
				CLANG_WARN_OBJC_ROOT_CLASS = YES_ERROR;
				CLANG_WARN_QUOTED_INCLUDE_IN_FRAMEWORK_HEADER = YES;
				CLANG_WARN_RANGE_LOOP_ANALYSIS = YES;
				CLANG_WARN_STRICT_PROTOTYPES = YES;
				CLANG_WARN_SUSPICIOUS_MOVE = YES;
				CLANG_WARN_UNGUARDED_AVAILABILITY = YES_AGGRESSIVE;
				CLANG_WARN_UNREACHABLE_CODE = YES;
				CLANG_WARN__DUPLICATE_METHOD_MATCH = YES;
				COPY_PHASE_STRIP = NO;
				DEBUG_INFORMATION_FORMAT = "dwarf-with-dsym";
				ENABLE_NS_ASSERTIONS = NO;
				ENABLE_STRICT_OBJC_MSGSEND = YES;
				GCC_C_LANGUAGE_STANDARD = gnu11;
				GCC_NO_COMMON_BLOCKS = YES;
				GCC_WARN_64_TO_32_BIT_CONVERSION = YES;
				GCC_WARN_ABOUT_RETURN_TYPE = YES_ERROR;
				GCC_WARN_UNDECLARED_SELECTOR = YES;
				GCC_WARN_UNINITIALIZED_AUTOS = YES_AGGRESSIVE;
				GCC_WARN_UNUSED_FUNCTION = YES;
				GCC_WARN_UNUSED_VARIABLE = YES;
				IPHONEOS_DEPLOYMENT_TARGET = 15.0;
				MTL_ENABLE_DEBUG_INFO = NO;
				MTL_FAST_MATH = YES;
				SDKROOT = iphoneos;
				SWIFT_COMPILATION_MODE = wholemodule;
				SWIFT_OPTIMIZATION_LEVEL = "-O";
				VALIDATE_PRODUCT = YES;
			};
			name = Release;
		};
		93B0E1AB27DF567400A4433B /* Debug */ = {
			isa = XCBuildConfiguration;
			buildSettings = {
				ASSETCATALOG_COMPILER_APPICON_NAME = AppIcon;
				ASSETCATALOG_COMPILER_GLOBAL_ACCENT_COLOR_NAME = AccentColor;
				CODE_SIGN_STYLE = Automatic;
				CURRENT_PROJECT_VERSION = 1;
				DEVELOPMENT_TEAM = 8RH4482R36;
				GENERATE_INFOPLIST_FILE = YES;
				INFOPLIST_FILE = SciubaSebastianCV/Info.plist;
				INFOPLIST_KEY_UIApplicationSupportsIndirectInputEvents = YES;
				INFOPLIST_KEY_UILaunchStoryboardName = LaunchScreen;
				INFOPLIST_KEY_UISupportedInterfaceOrientations = UIInterfaceOrientationPortrait;
				INFOPLIST_KEY_UISupportedInterfaceOrientations_iPad = "UIInterfaceOrientationPortrait UIInterfaceOrientationPortraitUpsideDown UIInterfaceOrientationLandscapeLeft UIInterfaceOrientationLandscapeRight";
				INFOPLIST_KEY_UISupportedInterfaceOrientations_iPhone = "UIInterfaceOrientationPortrait UIInterfaceOrientationLandscapeLeft UIInterfaceOrientationLandscapeRight";
				LD_RUNPATH_SEARCH_PATHS = (
					"$(inherited)",
					"@executable_path/Frameworks",
				);
				MARKETING_VERSION = 1.0;
				PRODUCT_BUNDLE_IDENTIFIER = SebastianSciuba.SciubaSebastianCV;
				PRODUCT_NAME = "$(TARGET_NAME)";
				SWIFT_EMIT_LOC_STRINGS = YES;
				SWIFT_VERSION = 5.0;
				TARGETED_DEVICE_FAMILY = "1,2";
			};
			name = Debug;
		};
		93B0E1AC27DF567400A4433B /* Release */ = {
			isa = XCBuildConfiguration;
			buildSettings = {
				ASSETCATALOG_COMPILER_APPICON_NAME = AppIcon;
				ASSETCATALOG_COMPILER_GLOBAL_ACCENT_COLOR_NAME = AccentColor;
				CODE_SIGN_STYLE = Automatic;
				CURRENT_PROJECT_VERSION = 1;
				DEVELOPMENT_TEAM = 8RH4482R36;
				GENERATE_INFOPLIST_FILE = YES;
				INFOPLIST_FILE = SciubaSebastianCV/Info.plist;
				INFOPLIST_KEY_UIApplicationSupportsIndirectInputEvents = YES;
				INFOPLIST_KEY_UILaunchStoryboardName = LaunchScreen;
				INFOPLIST_KEY_UISupportedInterfaceOrientations = UIInterfaceOrientationPortrait;
				INFOPLIST_KEY_UISupportedInterfaceOrientations_iPad = "UIInterfaceOrientationPortrait UIInterfaceOrientationPortraitUpsideDown UIInterfaceOrientationLandscapeLeft UIInterfaceOrientationLandscapeRight";
				INFOPLIST_KEY_UISupportedInterfaceOrientations_iPhone = "UIInterfaceOrientationPortrait UIInterfaceOrientationLandscapeLeft UIInterfaceOrientationLandscapeRight";
				LD_RUNPATH_SEARCH_PATHS = (
					"$(inherited)",
					"@executable_path/Frameworks",
				);
				MARKETING_VERSION = 1.0;
				PRODUCT_BUNDLE_IDENTIFIER = SebastianSciuba.SciubaSebastianCV;
				PRODUCT_NAME = "$(TARGET_NAME)";
				SWIFT_EMIT_LOC_STRINGS = YES;
				SWIFT_VERSION = 5.0;
				TARGETED_DEVICE_FAMILY = "1,2";
			};
			name = Release;
		};
/* End XCBuildConfiguration section */

/* Begin XCConfigurationList section */
		93B0E19127DF567200A4433B /* Build configuration list for PBXProject "SciubaSebastianCV" */ = {
			isa = XCConfigurationList;
			buildConfigurations = (
				93B0E1A827DF567400A4433B /* Debug */,
				93B0E1A927DF567400A4433B /* Release */,
			);
			defaultConfigurationIsVisible = 0;
			defaultConfigurationName = Release;
		};
		93B0E1AA27DF567400A4433B /* Build configuration list for PBXNativeTarget "SciubaSebastianCV" */ = {
			isa = XCConfigurationList;
			buildConfigurations = (
				93B0E1AB27DF567400A4433B /* Debug */,
				93B0E1AC27DF567400A4433B /* Release */,
			);
			defaultConfigurationIsVisible = 0;
			defaultConfigurationName = Release;
		};
/* End XCConfigurationList section */
	};
	rootObject = 93B0E18E27DF567200A4433B /* Project object */;
}
